
Microsoft Visual Studio Solution File, Format Version 12.00
# Visual Studio Version 17
VisualStudioVersion = 17.14.36429.23
MinimumVisualStudioVersion = 10.0.40219.1
Project("{2150E333-8FDC-42A3-9474-1A3956D46DE8}") = "Task0", "Task0", "{02EA681E-C7D8-13C7-8484-4AC65E1B71E8}"
EndProject
Project("{FAE04EC0-301F-11D3-BF4B-00C04F79EFBC}") = "Tyuiu.MkhitaryanSG.Sprint0.Task0.V0", "Tyuiu.MkhitaryanSG.Sprint0.Task0.V0\Tyuiu.MkhitaryanSG.Sprint0.Task0.V0.csproj", "{28C81C69-EA5A-4614-8E3B-34C100DE652F}"
EndProject
Project("{2150E333-8FDC-42A3-9474-1A3956D46DE8}") = "Task1", "Task1", "{6C29148A-7034-4830-83E0-4194277B6435}"
EndProject
Project("{FAE04EC0-301F-11D3-BF4B-00C04F79EFBC}") = "Tyuiu.MkhitaryanSG.Sprint0.Task1.V0", "Tyuiu.MkhitaryanSG.Sprint0.Task1.V0\Tyuiu.MkhitaryanSG.Sprint0.Task1.V0.csproj", "{041F631B-C9EC-4C60-ADB7-7C438BD2784C}"
EndProject
Project("{2150E333-8FDC-42A3-9474-1A3956D46DE8}") = "Task2", "Task2", "{DCB33969-FFD4-49AB-A073-D43AFC0E9D84}"
EndProject
Project("{FAE04EC0-301F-11D3-BF4B-00C04F79EFBC}") = "Tyuiu.MkhitaryanSG.Sprint0.Task2.V0", "Tyuiu.MkhitaryanSG.Sprint0.Task2.V0\Tyuiu.MkhitaryanSG.Sprint0.Task2.V0.csproj", "{2A905E13-7B0B-4A80-B176-177DBD12516D}"
EndProject
Project("{FAE04EC0-301F-11D3-BF4B-00C04F79EFBC}") = "Tyuiu.MkhitaryanSG.Sprint0.Task2.V0.Lib", "Tyuiu.MkhitaryanSG.Sprint0.Task2.V0.Lib\Tyuiu.MkhitaryanSG.Sprint0.Task2.V0.Lib.csproj", "{873B76F6-8393-4F9C-8911-A25E61559836}"
EndProject
Project("{FAE04EC0-301F-11D3-BF4B-00C04F79EFBC}") = "Tyuiu.MkhitaryanSG.Sprint0.Task2.V0.Test", "Tyuiu.MkhitaryanSG.Sprint0.Task2.V0.Test\Tyuiu.MkhitaryanSG.Sprint0.Task2.V0.Test.csproj", "{54D0BFD1-6524-43A3-A5E7-624D1547D00A}"
EndProject
Project("{2150E333-8FDC-42A3-9474-1A3956D46DE8}") = "Task3", "Task3", "{395FF05D-6191-4B98-A437-7D037ED84BE6}"
EndProject
Project("{FAE04EC0-301F-11D3-BF4B-00C04F79EFBC}") = "Tyuiu.MkhitaryanSG.Sprint0.Task3.V0", "Tyuiu.MkhitaryanSG.Sprint0.Task3.V0\Tyuiu.MkhitaryanSG.Sprint0.Task3.V0.csproj", "{B8789CBE-1739-4A6B-A3F1-1F5D1654B023}"
EndProject
Project("{FAE04EC0-301F-11D3-BF4B-00C04F79EFBC}") = "Tyuiu.MkhitaryanSG.Sprint0.Task3.V0.Lib", "Tyuiu.MkhitaryanSG.Sprint0.Task3.V0.Lib\Tyuiu.MkhitaryanSG.Sprint0.Task3.V0.Lib.csproj", "{09F4A4EE-9DBC-4E38-B541-A5FC699C4A31}"
EndProject
Project("{FAE04EC0-301F-11D3-BF4B-00C04F79EFBC}") = "Tyuiu.MkhitaryanSG.Sprint0.Task3.V0.Test", "Tyuiu.MkhitaryanSG.Sprint0.Task3.V0.Test\Tyuiu.MkhitaryanSG.Sprint0.Task3.V0.Test.csproj", "{F7C5AFC1-894C-4E82-B130-BD54AD42D07B}"
EndProject
Project("{2150E333-8FDC-42A3-9474-1A3956D46DE8}") = "Task4", "Task4", "{BFA30141-1133-4D89-8196-B440FB75AFAF}"
EndProject
Global
	GlobalSection(SolutionConfigurationPlatforms) = preSolution
		Debug|Any CPU = Debug|Any CPU
		Release|Any CPU = Release|Any CPU
	EndGlobalSection
	GlobalSection(ProjectConfigurationPlatforms) = postSolution
		{28C81C69-EA5A-4614-8E3B-34C100DE652F}.Debug|Any CPU.ActiveCfg = Debug|Any CPU
		{28C81C69-EA5A-4614-8E3B-34C100DE652F}.Debug|Any CPU.Build.0 = Debug|Any CPU
		{28C81C69-EA5A-4614-8E3B-34C100DE652F}.Release|Any CPU.ActiveCfg = Release|Any CPU
		{28C81C69-EA5A-4614-8E3B-34C100DE652F}.Release|Any CPU.Build.0 = Release|Any CPU
		{041F631B-C9EC-4C60-ADB7-7C438BD2784C}.Debug|Any CPU.ActiveCfg = Debug|Any CPU
		{041F631B-C9EC-4C60-ADB7-7C438BD2784C}.Debug|Any CPU.Build.0 = Debug|Any CPU
		{041F631B-C9EC-4C60-ADB7-7C438BD2784C}.Release|Any CPU.ActiveCfg = Release|Any CPU
		{041F631B-C9EC-4C60-ADB7-7C438BD2784C}.Release|Any CPU.Build.0 = Release|Any CPU
		{2A905E13-7B0B-4A80-B176-177DBD12516D}.Debug|Any CPU.ActiveCfg = Debug|Any CPU
		{2A905E13-7B0B-4A80-B176-177DBD12516D}.Debug|Any CPU.Build.0 = Debug|Any CPU
		{2A905E13-7B0B-4A80-B176-177DBD12516D}.Release|Any CPU.ActiveCfg = Release|Any CPU
		{2A905E13-7B0B-4A80-B176-177DBD12516D}.Release|Any CPU.Build.0 = Release|Any CPU
		{873B76F6-8393-4F9C-8911-A25E61559836}.Debug|Any CPU.ActiveCfg = Debug|Any CPU
		{873B76F6-8393-4F9C-8911-A25E61559836}.Debug|Any CPU.Build.0 = Debug|Any CPU
		{873B76F6-8393-4F9C-8911-A25E61559836}.Release|Any CPU.ActiveCfg = Release|Any CPU
		{873B76F6-8393-4F9C-8911-A25E61559836}.Release|Any CPU.Build.0 = Release|Any CPU
		{54D0BFD1-6524-43A3-A5E7-624D1547D00A}.Debug|Any CPU.ActiveCfg = Debug|Any CPU
		{54D0BFD1-6524-43A3-A5E7-624D1547D00A}.Debug|Any CPU.Build.0 = Debug|Any CPU
		{54D0BFD1-6524-43A3-A5E7-624D1547D00A}.Release|Any CPU.ActiveCfg = Release|Any CPU
		{54D0BFD1-6524-43A3-A5E7-624D1547D00A}.Release|Any CPU.Build.0 = Release|Any CPU
		{B8789CBE-1739-4A6B-A3F1-1F5D1654B023}.Debug|Any CPU.ActiveCfg = Debug|Any CPU
		{B8789CBE-1739-4A6B-A3F1-1F5D1654B023}.Debug|Any CPU.Build.0 = Debug|Any CPU
		{B8789CBE-1739-4A6B-A3F1-1F5D1654B023}.Release|Any CPU.ActiveCfg = Release|Any CPU
		{B8789CBE-1739-4A6B-A3F1-1F5D1654B023}.Release|Any CPU.Build.0 = Release|Any CPU
		{09F4A4EE-9DBC-4E38-B541-A5FC699C4A31}.Debug|Any CPU.ActiveCfg = Debug|Any CPU
		{09F4A4EE-9DBC-4E38-B541-A5FC699C4A31}.Debug|Any CPU.Build.0 = Debug|Any CPU
		{09F4A4EE-9DBC-4E38-B541-A5FC699C4A31}.Release|Any CPU.ActiveCfg = Release|Any CPU
		{09F4A4EE-9DBC-4E38-B541-A5FC699C4A31}.Release|Any CPU.Build.0 = Release|Any CPU
		{F7C5AFC1-894C-4E82-B130-BD54AD42D07B}.Debug|Any CPU.ActiveCfg = Debug|Any CPU
		{F7C5AFC1-894C-4E82-B130-BD54AD42D07B}.Debug|Any CPU.Build.0 = Debug|Any CPU
		{F7C5AFC1-894C-4E82-B130-BD54AD42D07B}.Release|Any CPU.ActiveCfg = Release|Any CPU
		{F7C5AFC1-894C-4E82-B130-BD54AD42D07B}.Release|Any CPU.Build.0 = Release|Any CPU
	EndGlobalSection
	GlobalSection(SolutionProperties) = preSolution
		HideSolutionNode = FALSE
	EndGlobalSection
	GlobalSection(NestedProjects) = preSolution
		{28C81C69-EA5A-4614-8E3B-34C100DE652F} = {02EA681E-C7D8-13C7-8484-4AC65E1B71E8}
		{041F631B-C9EC-4C60-ADB7-7C438BD2784C} = {6C29148A-7034-4830-83E0-4194277B6435}
		{2A905E13-7B0B-4A80-B176-177DBD12516D} = {DCB33969-FFD4-49AB-A073-D43AFC0E9D84}
		{873B76F6-8393-4F9C-8911-A25E61559836} = {DCB33969-FFD4-49AB-A073-D43AFC0E9D84}
		{54D0BFD1-6524-43A3-A5E7-624D1547D00A} = {DCB33969-FFD4-49AB-A073-D43AFC0E9D84}
		{B8789CBE-1739-4A6B-A3F1-1F5D1654B023} = {395FF05D-6191-4B98-A437-7D037ED84BE6}
		{09F4A4EE-9DBC-4E38-B541-A5FC699C4A31} = {395FF05D-6191-4B98-A437-7D037ED84BE6}
		{F7C5AFC1-894C-4E82-B130-BD54AD42D07B} = {395FF05D-6191-4B98-A437-7D037ED84BE6}
	EndGlobalSection
	GlobalSection(ExtensibilityGlobals) = postSolution
		SolutionGuid = {56EA4307-0E87-4C53-8144-BC3680B92C93}
	EndGlobalSection
EndGlobal
